
Microsoft Visual Studio Solution File, Format Version 12.00
# Visual Studio Version 16
VisualStudioVersion = 16.0.31624.102
MinimumVisualStudioVersion = 10.0.40219.1
Project("{FAE04EC0-301F-11D3-BF4B-00C04F79EFBC}") = "Ресторан", "Ресторан\Ресторан.csproj", "{E3DA6DF7-312F-4BCB-AF05-1A2A38630439}"
EndProject
Global
	GlobalSection(SolutionConfigurationPlatforms) = preSolution
		Debug|Any CPU = Debug|Any CPU
		Release|Any CPU = Release|Any CPU
	EndGlobalSection
	GlobalSection(ProjectConfigurationPlatforms) = postSolution
		{E3DA6DF7-312F-4BCB-AF05-1A2A38630439}.Debug|Any CPU.ActiveCfg = Debug|Any CPU
		{E3DA6DF7-312F-4BCB-AF05-1A2A38630439}.Debug|Any CPU.Build.0 = Debug|Any CPU
		{E3DA6DF7-312F-4BCB-AF05-1A2A38630439}.Release|Any CPU.ActiveCfg = Release|Any CPU
		{E3DA6DF7-312F-4BCB-AF05-1A2A38630439}.Release|Any CPU.Build.0 = Release|Any CPU
	EndGlobalSection
	GlobalSection(SolutionProperties) = preSolution
		HideSolutionNode = FALSE
	EndGlobalSection
	GlobalSection(ExtensibilityGlobals) = postSolution
		SolutionGuid = {66670580-BBDA-44A2-A1B4-58136F1568B7}
	EndGlobalSection
EndGlobal
